
Microsoft Visual Studio Solution File, Format Version 12.00
# Visual Studio Version 17
VisualStudioVersion = 17.9.34728.123
MinimumVisualStudioVersion = 10.0.40219.1
Project("{FAE04EC0-301F-11D3-BF4B-00C04F79EFBC}") = "Importation", "Importation\Importation.csproj", "{516CCB90-BE5D-4A66-8924-318A9C3A4061}"
EndProject
Global
	GlobalSection(SolutionConfigurationPlatforms) = preSolution
		Debug|Any CPU = Debug|Any CPU
		Release|Any CPU = Release|Any CPU
	EndGlobalSection
	GlobalSection(ProjectConfigurationPlatforms) = postSolution
		{516CCB90-BE5D-4A66-8924-318A9C3A4061}.Debug|Any CPU.ActiveCfg = Debug|Any CPU
		{516CCB90-BE5D-4A66-8924-318A9C3A4061}.Debug|Any CPU.Build.0 = Debug|Any CPU
		{516CCB90-BE5D-4A66-8924-318A9C3A4061}.Release|Any CPU.ActiveCfg = Release|Any CPU
		{516CCB90-BE5D-4A66-8924-318A9C3A4061}.Release|Any CPU.Build.0 = Release|Any CPU
	EndGlobalSection
	GlobalSection(SolutionProperties) = preSolution
		HideSolutionNode = FALSE
	EndGlobalSection
	GlobalSection(ExtensibilityGlobals) = postSolution
		SolutionGuid = {529A9152-2609-49C6-AF6B-3039AC9CF689}
	EndGlobalSection
EndGlobal
